// !$*UTF8*$!
{
	archiveVersion = 1;
	classes = {
	};
	objectVersion = 46;
	objects = {

/* Begin PBXBuildFile section */
		B085009F1B9B2DCC009F0975 /* main.m in Sources */ = {isa = PBXBuildFile; fileRef = B085009E1B9B2DCC009F0975 /* main.m */; };
		B08500B21B9B2E86009F0975 /* Operator.m in Sources */ = {isa = PBXBuildFile; fileRef = B08500B11B9B2E86009F0975 /* Operator.m */; };
		B08500B51B9B2EAD009F0975 /* OperatorAdd.m in Sources */ = {isa = PBXBuildFile; fileRef = B08500B41B9B2EAD009F0975 /* OperatorAdd.m */; };
		B08500B81B9B2EBB009F0975 /* OperatorSub.m in Sources */ = {isa = PBXBuildFile; fileRef = B08500B71B9B2EBB009F0975 /* OperatorSub.m */; };
		B08500BB1B9B2ED3009F0975 /* OperatorMul.m in Sources */ = {isa = PBXBuildFile; fileRef = B08500BA1B9B2ED3009F0975 /* OperatorMul.m */; };
		B08500BE1B9B2EE1009F0975 /* OperatorDiv.m in Sources */ = {isa = PBXBuildFile; fileRef = B08500BD1B9B2EE1009F0975 /* OperatorDiv.m */; };
		B08500C21B9B2FFC009F0975 /* Factory.m in Sources */ = {isa = PBXBuildFile; fileRef = B08500C11B9B2FFC009F0975 /* Factory.m */; };
		B08500C51B9B307A009F0975 /* AddFactory.m in Sources */ = {isa = PBXBuildFile; fileRef = B08500C41B9B307A009F0975 /* AddFactory.m */; };
		B08500C81B9B30B3009F0975 /* SubFactory.m in Sources */ = {isa = PBXBuildFile; fileRef = B08500C71B9B30B3009F0975 /* SubFactory.m */; };
		B08500CB1B9B311D009F0975 /* MulFactory.m in Sources */ = {isa = PBXBuildFile; fileRef = B08500CA1B9B311D009F0975 /* MulFactory.m */; };
		B08500CE1B9B314E009F0975 /* DivFactory.m in Sources */ = {isa = PBXBuildFile; fileRef = B08500CD1B9B314E009F0975 /* DivFactory.m */; };
/* End PBXBuildFile section */

/* Begin PBXCopyFilesBuildPhase section */
		B08500991B9B2DCC009F0975 /* CopyFiles */ = {
			isa = PBXCopyFilesBuildPhase;
			buildActionMask = 2147483647;
			dstPath = /usr/share/man/man1/;
			dstSubfolderSpec = 0;
			files = (
			);
			runOnlyForDeploymentPostprocessing = 1;
		};
/* End PBXCopyFilesBuildPhase section */

/* Begin PBXFileReference section */
		B085009B1B9B2DCC009F0975 /* Factory */ = {isa = PBXFileReference; explicitFileType = "compiled.mach-o.executable"; includeInIndex = 0; path = Factory; sourceTree = BUILT_PRODUCTS_DIR; };
		B085009E1B9B2DCC009F0975 /* main.m */ = {isa = PBXFileReference; lastKnownFileType = sourcecode.c.objc; path = main.m; sourceTree = "<group>"; };
		B08500B01B9B2E86009F0975 /* Operator.h */ = {isa = PBXFileReference; fileEncoding = 4; lastKnownFileType = sourcecode.c.h; name = Operator.h; path = Operator/Operator.h; sourceTree = "<group>"; };
		B08500B11B9B2E86009F0975 /* Operator.m */ = {isa = PBXFileReference; fileEncoding = 4; lastKnownFileType = sourcecode.c.objc; name = Operator.m; path = Operator/Operator.m; sourceTree = "<group>"; };
		B08500B31B9B2EAD009F0975 /* OperatorAdd.h */ = {isa = PBXFileReference; fileEncoding = 4; lastKnownFileType = sourcecode.c.h; name = OperatorAdd.h; path = Operator/OperatorAdd.h; sourceTree = "<group>"; };
		B08500B41B9B2EAD009F0975 /* OperatorAdd.m */ = {isa = PBXFileReference; fileEncoding = 4; lastKnownFileType = sourcecode.c.objc; name = OperatorAdd.m; path = Operator/OperatorAdd.m; sourceTree = "<group>"; };
		B08500B61B9B2EBB009F0975 /* OperatorSub.h */ = {isa = PBXFileReference; fileEncoding = 4; lastKnownFileType = sourcecode.c.h; name = OperatorSub.h; path = Operator/OperatorSub.h; sourceTree = "<group>"; };
		B08500B71B9B2EBB009F0975 /* OperatorSub.m */ = {isa = PBXFileReference; fileEncoding = 4; lastKnownFileType = sourcecode.c.objc; name = OperatorSub.m; path = Operator/OperatorSub.m; sourceTree = "<group>"; };
		B08500B91B9B2ED3009F0975 /* OperatorMul.h */ = {isa = PBXFileReference; fileEncoding = 4; lastKnownFileType = sourcecode.c.h; name = OperatorMul.h; path = Operator/OperatorMul.h; sourceTree = "<group>"; };
		B08500BA1B9B2ED3009F0975 /* OperatorMul.m */ = {isa = PBXFileReference; fileEncoding = 4; lastKnownFileType = sourcecode.c.objc; name = OperatorMul.m; path = Operator/OperatorMul.m; sourceTree = "<group>"; };
		B08500BC1B9B2EE1009F0975 /* OperatorDiv.h */ = {isa = PBXFileReference; fileEncoding = 4; lastKnownFileType = sourcecode.c.h; name = OperatorDiv.h; path = Operator/OperatorDiv.h; sourceTree = "<group>"; };
		B08500BD1B9B2EE1009F0975 /* OperatorDiv.m */ = {isa = PBXFileReference; fileEncoding = 4; lastKnownFileType = sourcecode.c.objc; name = OperatorDiv.m; path = Operator/OperatorDiv.m; sourceTree = "<group>"; };
		B08500C01B9B2FFC009F0975 /* Factory.h */ = {isa = PBXFileReference; fileEncoding = 4; lastKnownFileType = sourcecode.c.h; name = Factory.h; path = Factorys/Factory.h; sourceTree = "<group>"; };
		B08500C11B9B2FFC009F0975 /* Factory.m */ = {isa = PBXFileReference; fileEncoding = 4; lastKnownFileType = sourcecode.c.objc; name = Factory.m; path = Factorys/Factory.m; sourceTree = "<group>"; };
		B08500C31B9B307A009F0975 /* AddFactory.h */ = {isa = PBXFileReference; fileEncoding = 4; lastKnownFileType = sourcecode.c.h; name = AddFactory.h; path = Factorys/AddFactory.h; sourceTree = "<group>"; };
		B08500C41B9B307A009F0975 /* AddFactory.m */ = {isa = PBXFileReference; fileEncoding = 4; lastKnownFileType = sourcecode.c.objc; name = AddFactory.m; path = Factorys/AddFactory.m; sourceTree = "<group>"; };
		B08500C61B9B30B3009F0975 /* SubFactory.h */ = {isa = PBXFileReference; fileEncoding = 4; lastKnownFileType = sourcecode.c.h; name = SubFactory.h; path = Factorys/SubFactory.h; sourceTree = "<group>"; };
		B08500C71B9B30B3009F0975 /* SubFactory.m */ = {isa = PBXFileReference; fileEncoding = 4; lastKnownFileType = sourcecode.c.objc; name = SubFactory.m; path = Factorys/SubFactory.m; sourceTree = "<group>"; };
		B08500C91B9B311D009F0975 /* MulFactory.h */ = {isa = PBXFileReference; fileEncoding = 4; lastKnownFileType = sourcecode.c.h; name = MulFactory.h; path = Factorys/MulFactory.h; sourceTree = "<group>"; };
		B08500CA1B9B311D009F0975 /* MulFactory.m */ = {isa = PBXFileReference; fileEncoding = 4; lastKnownFileType = sourcecode.c.objc; name = MulFactory.m; path = Factorys/MulFactory.m; sourceTree = "<group>"; };
		B08500CC1B9B314E009F0975 /* DivFactory.h */ = {isa = PBXFileReference; fileEncoding = 4; lastKnownFileType = sourcecode.c.h; name = DivFactory.h; path = Factorys/DivFactory.h; sourceTree = "<group>"; };
		B08500CD1B9B314E009F0975 /* DivFactory.m */ = {isa = PBXFileReference; fileEncoding = 4; lastKnownFileType = sourcecode.c.objc; name = DivFactory.m; path = Factorys/DivFactory.m; sourceTree = "<group>"; };
/* End PBXFileReference section */

/* Begin PBXFrameworksBuildPhase section */
		B08500981B9B2DCC009F0975 /* Frameworks */ = {
			isa = PBXFrameworksBuildPhase;
			buildActionMask = 2147483647;
			files = (
			);
			runOnlyForDeploymentPostprocessing = 0;
		};
/* End PBXFrameworksBuildPhase section */

/* Begin PBXGroup section */
		B08500921B9B2DCC009F0975 = {
			isa = PBXGroup;
			children = (
				B085009D1B9B2DCC009F0975 /* Factory */,
				B085009C1B9B2DCC009F0975 /* Products */,
			);
			sourceTree = "<group>";
		};
		B085009C1B9B2DCC009F0975 /* Products */ = {
			isa = PBXGroup;
			children = (
				B085009B1B9B2DCC009F0975 /* Factory */,
			);
			name = Products;
			sourceTree = "<group>";
		};
		B085009D1B9B2DCC009F0975 /* Factory */ = {
			isa = PBXGroup;
			children = (
				B085009E1B9B2DCC009F0975 /* main.m */,
				B08500BF1B9B2FD2009F0975 /* Factorys */,
				B08500AF1B9B2E67009F0975 /* Operator */,
			);
			path = Factory;
			sourceTree = "<group>";
		};
		B08500AF1B9B2E67009F0975 /* Operator */ = {
			isa = PBXGroup;
			children = (
				B08500B01B9B2E86009F0975 /* Operator.h */,
				B08500B11B9B2E86009F0975 /* Operator.m */,
				B08500B31B9B2EAD009F0975 /* OperatorAdd.h */,
				B08500B41B9B2EAD009F0975 /* OperatorAdd.m */,
				B08500B61B9B2EBB009F0975 /* OperatorSub.h */,
				B08500B71B9B2EBB009F0975 /* OperatorSub.m */,
				B08500B91B9B2ED3009F0975 /* OperatorMul.h */,
				B08500BA1B9B2ED3009F0975 /* OperatorMul.m */,
				B08500BC1B9B2EE1009F0975 /* OperatorDiv.h */,
				B08500BD1B9B2EE1009F0975 /* OperatorDiv.m */,
			);
			name = Operator;
			sourceTree = "<group>";
		};
		B08500BF1B9B2FD2009F0975 /* Factorys */ = {
			isa = PBXGroup;
			children = (
				B08500C01B9B2FFC009F0975 /* Factory.h */,
				B08500C11B9B2FFC009F0975 /* Factory.m */,
				B08500C31B9B307A009F0975 /* AddFactory.h */,
				B08500C41B9B307A009F0975 /* AddFactory.m */,
				B08500C61B9B30B3009F0975 /* SubFactory.h */,
				B08500C71B9B30B3009F0975 /* SubFactory.m */,
				B08500C91B9B311D009F0975 /* MulFactory.h */,
				B08500CA1B9B311D009F0975 /* MulFactory.m */,
				B08500CC1B9B314E009F0975 /* DivFactory.h */,
				B08500CD1B9B314E009F0975 /* DivFactory.m */,
			);
			name = Factorys;
			sourceTree = "<group>";
		};
/* End PBXGroup section */

/* Begin PBXNativeTarget section */
		B085009A1B9B2DCC009F0975 /* Factory */ = {
			isa = PBXNativeTarget;
			buildConfigurationList = B08500A21B9B2DCC009F0975 /* Build configuration list for PBXNativeTarget "Factory" */;
			buildPhases = (
				B08500971B9B2DCC009F0975 /* Sources */,
				B08500981B9B2DCC009F0975 /* Frameworks */,
				B08500991B9B2DCC009F0975 /* CopyFiles */,
			);
			buildRules = (
			);
			dependencies = (
			);
			name = Factory;
			productName = Factory;
			productReference = B085009B1B9B2DCC009F0975 /* Factory */;
			productType = "com.apple.product-type.tool";
		};
/* End PBXNativeTarget section */

/* Begin PBXProject section */
		B08500931B9B2DCC009F0975 /* Project object */ = {
			isa = PBXProject;
			attributes = {
				LastUpgradeCheck = 0640;
				ORGANIZATIONNAME = "Wayne Hsiao";
				TargetAttributes = {
					B085009A1B9B2DCC009F0975 = {
						CreatedOnToolsVersion = 6.4;
					};
				};
			};
			buildConfigurationList = B08500961B9B2DCC009F0975 /* Build configuration list for PBXProject "Factory" */;
			compatibilityVersion = "Xcode 3.2";
			developmentRegion = English;
			hasScannedForEncodings = 0;
			knownRegions = (
				en,
			);
			mainGroup = B08500921B9B2DCC009F0975;
			productRefGroup = B085009C1B9B2DCC009F0975 /* Products */;
			projectDirPath = "";
			projectRoot = "";
			targets = (
				B085009A1B9B2DCC009F0975 /* Factory */,
			);
		};
/* End PBXProject section */

/* Begin PBXSourcesBuildPhase section */
		B08500971B9B2DCC009F0975 /* Sources */ = {
			isa = PBXSourcesBuildPhase;
			buildActionMask = 2147483647;
			files = (
				B08500C51B9B307A009F0975 /* AddFactory.m in Sources */,
				B08500CE1B9B314E009F0975 /* DivFactory.m in Sources */,
				B08500CB1B9B311D009F0975 /* MulFactory.m in Sources */,
				B08500B51B9B2EAD009F0975 /* OperatorAdd.m in Sources */,
				B08500C81B9B30B3009F0975 /* SubFactory.m in Sources */,
				B08500BB1B9B2ED3009F0975 /* OperatorMul.m in Sources */,
				B085009F1B9B2DCC009F0975 /* main.m in Sources */,
				B08500BE1B9B2EE1009F0975 /* OperatorDiv.m in Sources */,
				B08500B81B9B2EBB009F0975 /* OperatorSub.m in Sources */,
				B08500B21B9B2E86009F0975 /* Operator.m in Sources */,
				B08500C21B9B2FFC009F0975 /* Factory.m in Sources */,
			);
			runOnlyForDeploymentPostprocessing = 0;
		};
/* End PBXSourcesBuildPhase section */

/* Begin XCBuildConfiguration section */
		B08500A01B9B2DCC009F0975 /* Debug */ = {
			isa = XCBuildConfiguration;
			buildSettings = {
				ALWAYS_SEARCH_USER_PATHS = NO;
				CLANG_CXX_LANGUAGE_STANDARD = "gnu++0x";
				CLANG_CXX_LIBRARY = "libc++";
				CLANG_ENABLE_MODULES = YES;
				CLANG_ENABLE_OBJC_ARC = YES;
				CLANG_WARN_BOOL_CONVERSION = YES;
				CLANG_WARN_CONSTANT_CONVERSION = YES;
				CLANG_WARN_DIRECT_OBJC_ISA_USAGE = YES_ERROR;
				CLANG_WARN_EMPTY_BODY = YES;
				CLANG_WARN_ENUM_CONVERSION = YES;
				CLANG_WARN_INT_CONVERSION = YES;
				CLANG_WARN_OBJC_ROOT_CLASS = YES_ERROR;
				CLANG_WARN_UNREACHABLE_CODE = YES;
				CLANG_WARN__DUPLICATE_METHOD_MATCH = YES;
				COPY_PHASE_STRIP = NO;
				DEBUG_INFORMATION_FORMAT = dwarf;
				ENABLE_STRICT_OBJC_MSGSEND = YES;
				GCC_C_LANGUAGE_STANDARD = gnu99;
				GCC_DYNAMIC_NO_PIC = NO;
				GCC_NO_COMMON_BLOCKS = YES;
				GCC_OPTIMIZATION_LEVEL = 0;
				GCC_PREPROCESSOR_DEFINITIONS = (
					"DEBUG=1",
					"$(inherited)",
				);
				GCC_SYMBOLS_PRIVATE_EXTERN = NO;
				GCC_WARN_64_TO_32_BIT_CONVERSION = YES;
				GCC_WARN_ABOUT_RETURN_TYPE = YES_ERROR;
				GCC_WARN_UNDECLARED_SELECTOR = YES;
				GCC_WARN_UNINITIALIZED_AUTOS = YES_AGGRESSIVE;
				GCC_WARN_UNUSED_FUNCTION = YES;
				GCC_WARN_UNUSED_VARIABLE = YES;
				MACOSX_DEPLOYMENT_TARGET = 10.10;
				MTL_ENABLE_DEBUG_INFO = YES;
				ONLY_ACTIVE_ARCH = YES;
				SDKROOT = macosx;
			};
			name = Debug;
		};
		B08500A11B9B2DCC009F0975 /* Release */ = {
			isa = XCBuildConfiguration;
			buildSettings = {
				ALWAYS_SEARCH_USER_PATHS = NO;
				CLANG_CXX_LANGUAGE_STANDARD = "gnu++0x";
				CLANG_CXX_LIBRARY = "libc++";
				CLANG_ENABLE_MODULES = YES;
				CLANG_ENABLE_OBJC_ARC = YES;
				CLANG_WARN_BOOL_CONVERSION = YES;
				CLANG_WARN_CONSTANT_CONVERSION = YES;
				CLANG_WARN_DIRECT_OBJC_ISA_USAGE = YES_ERROR;
				CLANG_WARN_EMPTY_BODY = YES;
				CLANG_WARN_ENUM_CONVERSION = YES;
				CLANG_WARN_INT_CONVERSION = YES;
				CLANG_WARN_OBJC_ROOT_CLASS = YES_ERROR;
				CLANG_WARN_UNREACHABLE_CODE = YES;
				CLANG_WARN__DUPLICATE_METHOD_MATCH = YES;
				COPY_PHASE_STRIP = NO;
				DEBUG_INFORMATION_FORMAT = "dwarf-with-dsym";
				ENABLE_NS_ASSERTIONS = NO;
				ENABLE_STRICT_OBJC_MSGSEND = YES;
				GCC_C_LANGUAGE_STANDARD = gnu99;
				GCC_NO_COMMON_BLOCKS = YES;
				GCC_WARN_64_TO_32_BIT_CONVERSION = YES;
				GCC_WARN_ABOUT_RETURN_TYPE = YES_ERROR;
				GCC_WARN_UNDECLARED_SELECTOR = YES;
				GCC_WARN_UNINITIALIZED_AUTOS = YES_AGGRESSIVE;
				GCC_WARN_UNUSED_FUNCTION = YES;
				GCC_WARN_UNUSED_VARIABLE = YES;
				MACOSX_DEPLOYMENT_TARGET = 10.10;
				MTL_ENABLE_DEBUG_INFO = NO;
				SDKROOT = macosx;
			};
			name = Release;
		};
		B08500A31B9B2DCC009F0975 /* Debug */ = {
			isa = XCBuildConfiguration;
			buildSettings = {
				PRODUCT_NAME = "$(TARGET_NAME)";
			};
			name = Debug;
		};
		B08500A41B9B2DCC009F0975 /* Release */ = {
			isa = XCBuildConfiguration;
			buildSettings = {
				PRODUCT_NAME = "$(TARGET_NAME)";
			};
			name = Release;
		};
/* End XCBuildConfiguration section */

/* Begin XCConfigurationList section */
		B08500961B9B2DCC009F0975 /* Build configuration list for PBXProject "Factory" */ = {
			isa = XCConfigurationList;
			buildConfigurations = (
				B08500A01B9B2DCC009F0975 /* Debug */,
				B08500A11B9B2DCC009F0975 /* Release */,
			);
			defaultConfigurationIsVisible = 0;
			defaultConfigurationName = Release;
		};
		B08500A21B9B2DCC009F0975 /* Build configuration list for PBXNativeTarget "Factory" */ = {
			isa = XCConfigurationList;
			buildConfigurations = (
				B08500A31B9B2DCC009F0975 /* Debug */,
				B08500A41B9B2DCC009F0975 /* Release */,
			);
			defaultConfigurationIsVisible = 0;
		};
/* End XCConfigurationList section */
	};
	rootObject = B08500931B9B2DCC009F0975 /* Project object */;
}
