// !$*UTF8*$!
{
	archiveVersion = 1;
	classes = {
	};
	objectVersion = 46;
	objects = {

/* Begin PBXBuildFile section */
		B09C4FA21BA3B7530036F227 /* main.m in Sources */ = {isa = PBXBuildFile; fileRef = B09C4FA11BA3B7530036F227 /* main.m */; };
		B09C4FAF1BA3B8120036F227 /* OperatorA.m in Sources */ = {isa = PBXBuildFile; fileRef = B09C4FAE1BA3B8120036F227 /* OperatorA.m */; };
		B09C4FB21BA3B81F0036F227 /* OperatorB.m in Sources */ = {isa = PBXBuildFile; fileRef = B09C4FB11BA3B81F0036F227 /* OperatorB.m */; };
		B09C4FB51BA3B82D0036F227 /* OperatorC.m in Sources */ = {isa = PBXBuildFile; fileRef = B09C4FB41BA3B82D0036F227 /* OperatorC.m */; };
		B09C4FB81BA3B87E0036F227 /* Context.m in Sources */ = {isa = PBXBuildFile; fileRef = B09C4FB71BA3B87E0036F227 /* Context.m */; };
/* End PBXBuildFile section */

/* Begin PBXCopyFilesBuildPhase section */
		B09C4F9C1BA3B7530036F227 /* CopyFiles */ = {
			isa = PBXCopyFilesBuildPhase;
			buildActionMask = 2147483647;
			dstPath = /usr/share/man/man1/;
			dstSubfolderSpec = 0;
			files = (
			);
			runOnlyForDeploymentPostprocessing = 1;
		};
/* End PBXCopyFilesBuildPhase section */

/* Begin PBXFileReference section */
		B054EBB6228676DB00352B71 /* Readme.md */ = {isa = PBXFileReference; lastKnownFileType = net.daringfireball.markdown; path = Readme.md; sourceTree = "<group>"; };
		B054EBB722867FCB00352B71 /* DesignPattern-Strategy.png */ = {isa = PBXFileReference; lastKnownFileType = image.png; path = "DesignPattern-Strategy.png"; sourceTree = "<group>"; };
		B09C4F9E1BA3B7530036F227 /* Strategy */ = {isa = PBXFileReference; explicitFileType = "compiled.mach-o.executable"; includeInIndex = 0; path = Strategy; sourceTree = BUILT_PRODUCTS_DIR; };
		B09C4FA11BA3B7530036F227 /* main.m */ = {isa = PBXFileReference; lastKnownFileType = sourcecode.c.objc; path = main.m; sourceTree = "<group>"; };
		B09C4FAA1BA3B7E00036F227 /* Strategy.h */ = {isa = PBXFileReference; fileEncoding = 4; lastKnownFileType = sourcecode.c.h; name = Strategy.h; path = Operator/Strategy.h; sourceTree = "<group>"; };
		B09C4FAD1BA3B8120036F227 /* OperatorA.h */ = {isa = PBXFileReference; fileEncoding = 4; lastKnownFileType = sourcecode.c.h; name = OperatorA.h; path = Operator/OperatorA.h; sourceTree = "<group>"; };
		B09C4FAE1BA3B8120036F227 /* OperatorA.m */ = {isa = PBXFileReference; fileEncoding = 4; lastKnownFileType = sourcecode.c.objc; name = OperatorA.m; path = Operator/OperatorA.m; sourceTree = "<group>"; };
		B09C4FB01BA3B81F0036F227 /* OperatorB.h */ = {isa = PBXFileReference; fileEncoding = 4; lastKnownFileType = sourcecode.c.h; name = OperatorB.h; path = Operator/OperatorB.h; sourceTree = "<group>"; };
		B09C4FB11BA3B81F0036F227 /* OperatorB.m */ = {isa = PBXFileReference; fileEncoding = 4; lastKnownFileType = sourcecode.c.objc; name = OperatorB.m; path = Operator/OperatorB.m; sourceTree = "<group>"; };
		B09C4FB31BA3B82D0036F227 /* OperatorC.h */ = {isa = PBXFileReference; fileEncoding = 4; lastKnownFileType = sourcecode.c.h; name = OperatorC.h; path = Operator/OperatorC.h; sourceTree = "<group>"; };
		B09C4FB41BA3B82D0036F227 /* OperatorC.m */ = {isa = PBXFileReference; fileEncoding = 4; lastKnownFileType = sourcecode.c.objc; name = OperatorC.m; path = Operator/OperatorC.m; sourceTree = "<group>"; };
		B09C4FB61BA3B87E0036F227 /* Context.h */ = {isa = PBXFileReference; fileEncoding = 4; lastKnownFileType = sourcecode.c.h; path = Context.h; sourceTree = "<group>"; };
		B09C4FB71BA3B87E0036F227 /* Context.m */ = {isa = PBXFileReference; fileEncoding = 4; lastKnownFileType = sourcecode.c.objc; path = Context.m; sourceTree = "<group>"; };
/* End PBXFileReference section */

/* Begin PBXFrameworksBuildPhase section */
		B09C4F9B1BA3B7530036F227 /* Frameworks */ = {
			isa = PBXFrameworksBuildPhase;
			buildActionMask = 2147483647;
			files = (
			);
			runOnlyForDeploymentPostprocessing = 0;
		};
/* End PBXFrameworksBuildPhase section */

/* Begin PBXGroup section */
		B09C4F951BA3B7530036F227 = {
			isa = PBXGroup;
			children = (
				B054EBB722867FCB00352B71 /* DesignPattern-Strategy.png */,
				B054EBB6228676DB00352B71 /* Readme.md */,
				B09C4FA01BA3B7530036F227 /* Strategy */,
				B09C4F9F1BA3B7530036F227 /* Products */,
			);
			sourceTree = "<group>";
		};
		B09C4F9F1BA3B7530036F227 /* Products */ = {
			isa = PBXGroup;
			children = (
				B09C4F9E1BA3B7530036F227 /* Strategy */,
			);
			name = Products;
			sourceTree = "<group>";
		};
		B09C4FA01BA3B7530036F227 /* Strategy */ = {
			isa = PBXGroup;
			children = (
				B09C4FA11BA3B7530036F227 /* main.m */,
				B09C4FB61BA3B87E0036F227 /* Context.h */,
				B09C4FB71BA3B87E0036F227 /* Context.m */,
				B09C4FA91BA3B77A0036F227 /* Operator */,
			);
			path = Strategy;
			sourceTree = "<group>";
		};
		B09C4FA91BA3B77A0036F227 /* Operator */ = {
			isa = PBXGroup;
			children = (
				B09C4FAA1BA3B7E00036F227 /* Strategy.h */,
				B09C4FAD1BA3B8120036F227 /* OperatorA.h */,
				B09C4FAE1BA3B8120036F227 /* OperatorA.m */,
				B09C4FB01BA3B81F0036F227 /* OperatorB.h */,
				B09C4FB11BA3B81F0036F227 /* OperatorB.m */,
				B09C4FB31BA3B82D0036F227 /* OperatorC.h */,
				B09C4FB41BA3B82D0036F227 /* OperatorC.m */,
			);
			name = Operator;
			sourceTree = "<group>";
		};
/* End PBXGroup section */

/* Begin PBXNativeTarget section */
		B09C4F9D1BA3B7530036F227 /* Strategy */ = {
			isa = PBXNativeTarget;
			buildConfigurationList = B09C4FA51BA3B7530036F227 /* Build configuration list for PBXNativeTarget "Strategy" */;
			buildPhases = (
				B09C4F9A1BA3B7530036F227 /* Sources */,
				B09C4F9B1BA3B7530036F227 /* Frameworks */,
				B09C4F9C1BA3B7530036F227 /* CopyFiles */,
			);
			buildRules = (
			);
			dependencies = (
			);
			name = Strategy;
			productName = Strategy;
			productReference = B09C4F9E1BA3B7530036F227 /* Strategy */;
			productType = "com.apple.product-type.tool";
		};
/* End PBXNativeTarget section */

/* Begin PBXProject section */
		B09C4F961BA3B7530036F227 /* Project object */ = {
			isa = PBXProject;
			attributes = {
				LastUpgradeCheck = 0640;
				ORGANIZATIONNAME = "Wayne Hsiao";
				TargetAttributes = {
					B09C4F9D1BA3B7530036F227 = {
						CreatedOnToolsVersion = 6.4;
					};
				};
			};
			buildConfigurationList = B09C4F991BA3B7530036F227 /* Build configuration list for PBXProject "Strategy" */;
			compatibilityVersion = "Xcode 3.2";
			developmentRegion = English;
			hasScannedForEncodings = 0;
			knownRegions = (
				English,
				en,
			);
			mainGroup = B09C4F951BA3B7530036F227;
			productRefGroup = B09C4F9F1BA3B7530036F227 /* Products */;
			projectDirPath = "";
			projectRoot = "";
			targets = (
				B09C4F9D1BA3B7530036F227 /* Strategy */,
			);
		};
/* End PBXProject section */

/* Begin PBXSourcesBuildPhase section */
		B09C4F9A1BA3B7530036F227 /* Sources */ = {
			isa = PBXSourcesBuildPhase;
			buildActionMask = 2147483647;
			files = (
				B09C4FB21BA3B81F0036F227 /* OperatorB.m in Sources */,
				B09C4FB81BA3B87E0036F227 /* Context.m in Sources */,
				B09C4FAF1BA3B8120036F227 /* OperatorA.m in Sources */,
				B09C4FA21BA3B7530036F227 /* main.m in Sources */,
				B09C4FB51BA3B82D0036F227 /* OperatorC.m in Sources */,
			);
			runOnlyForDeploymentPostprocessing = 0;
		};
/* End PBXSourcesBuildPhase section */

/* Begin XCBuildConfiguration section */
		B09C4FA31BA3B7530036F227 /* Debug */ = {
			isa = XCBuildConfiguration;
			buildSettings = {
				ALWAYS_SEARCH_USER_PATHS = NO;
				CLANG_CXX_LANGUAGE_STANDARD = "gnu++0x";
				CLANG_CXX_LIBRARY = "libc++";
				CLANG_ENABLE_MODULES = YES;
				CLANG_ENABLE_OBJC_ARC = YES;
				CLANG_WARN_BOOL_CONVERSION = YES;
				CLANG_WARN_CONSTANT_CONVERSION = YES;
				CLANG_WARN_DIRECT_OBJC_ISA_USAGE = YES_ERROR;
				CLANG_WARN_EMPTY_BODY = YES;
				CLANG_WARN_ENUM_CONVERSION = YES;
				CLANG_WARN_INT_CONVERSION = YES;
				CLANG_WARN_OBJC_ROOT_CLASS = YES_ERROR;
				CLANG_WARN_UNREACHABLE_CODE = YES;
				CLANG_WARN__DUPLICATE_METHOD_MATCH = YES;
				COPY_PHASE_STRIP = NO;
				DEBUG_INFORMATION_FORMAT = dwarf;
				ENABLE_STRICT_OBJC_MSGSEND = YES;
				GCC_C_LANGUAGE_STANDARD = gnu99;
				GCC_DYNAMIC_NO_PIC = NO;
				GCC_NO_COMMON_BLOCKS = YES;
				GCC_OPTIMIZATION_LEVEL = 0;
				GCC_PREPROCESSOR_DEFINITIONS = (
					"DEBUG=1",
					"$(inherited)",
				);
				GCC_SYMBOLS_PRIVATE_EXTERN = NO;
				GCC_WARN_64_TO_32_BIT_CONVERSION = YES;
				GCC_WARN_ABOUT_RETURN_TYPE = YES_ERROR;
				GCC_WARN_UNDECLARED_SELECTOR = YES;
				GCC_WARN_UNINITIALIZED_AUTOS = YES_AGGRESSIVE;
				GCC_WARN_UNUSED_FUNCTION = YES;
				GCC_WARN_UNUSED_VARIABLE = YES;
				MACOSX_DEPLOYMENT_TARGET = 10.10;
				MTL_ENABLE_DEBUG_INFO = YES;
				ONLY_ACTIVE_ARCH = YES;
				SDKROOT = macosx;
			};
			name = Debug;
		};
		B09C4FA41BA3B7530036F227 /* Release */ = {
			isa = XCBuildConfiguration;
			buildSettings = {
				ALWAYS_SEARCH_USER_PATHS = NO;
				CLANG_CXX_LANGUAGE_STANDARD = "gnu++0x";
				CLANG_CXX_LIBRARY = "libc++";
				CLANG_ENABLE_MODULES = YES;
				CLANG_ENABLE_OBJC_ARC = YES;
				CLANG_WARN_BOOL_CONVERSION = YES;
				CLANG_WARN_CONSTANT_CONVERSION = YES;
				CLANG_WARN_DIRECT_OBJC_ISA_USAGE = YES_ERROR;
				CLANG_WARN_EMPTY_BODY = YES;
				CLANG_WARN_ENUM_CONVERSION = YES;
				CLANG_WARN_INT_CONVERSION = YES;
				CLANG_WARN_OBJC_ROOT_CLASS = YES_ERROR;
				CLANG_WARN_UNREACHABLE_CODE = YES;
				CLANG_WARN__DUPLICATE_METHOD_MATCH = YES;
				COPY_PHASE_STRIP = NO;
				DEBUG_INFORMATION_FORMAT = "dwarf-with-dsym";
				ENABLE_NS_ASSERTIONS = NO;
				ENABLE_STRICT_OBJC_MSGSEND = YES;
				GCC_C_LANGUAGE_STANDARD = gnu99;
				GCC_NO_COMMON_BLOCKS = YES;
				GCC_WARN_64_TO_32_BIT_CONVERSION = YES;
				GCC_WARN_ABOUT_RETURN_TYPE = YES_ERROR;
				GCC_WARN_UNDECLARED_SELECTOR = YES;
				GCC_WARN_UNINITIALIZED_AUTOS = YES_AGGRESSIVE;
				GCC_WARN_UNUSED_FUNCTION = YES;
				GCC_WARN_UNUSED_VARIABLE = YES;
				MACOSX_DEPLOYMENT_TARGET = 10.10;
				MTL_ENABLE_DEBUG_INFO = NO;
				SDKROOT = macosx;
			};
			name = Release;
		};
		B09C4FA61BA3B7530036F227 /* Debug */ = {
			isa = XCBuildConfiguration;
			buildSettings = {
				PRODUCT_NAME = "$(TARGET_NAME)";
			};
			name = Debug;
		};
		B09C4FA71BA3B7530036F227 /* Release */ = {
			isa = XCBuildConfiguration;
			buildSettings = {
				PRODUCT_NAME = "$(TARGET_NAME)";
			};
			name = Release;
		};
/* End XCBuildConfiguration section */

/* Begin XCConfigurationList section */
		B09C4F991BA3B7530036F227 /* Build configuration list for PBXProject "Strategy" */ = {
			isa = XCConfigurationList;
			buildConfigurations = (
				B09C4FA31BA3B7530036F227 /* Debug */,
				B09C4FA41BA3B7530036F227 /* Release */,
			);
			defaultConfigurationIsVisible = 0;
			defaultConfigurationName = Release;
		};
		B09C4FA51BA3B7530036F227 /* Build configuration list for PBXNativeTarget "Strategy" */ = {
			isa = XCConfigurationList;
			buildConfigurations = (
				B09C4FA61BA3B7530036F227 /* Debug */,
				B09C4FA71BA3B7530036F227 /* Release */,
			);
			defaultConfigurationIsVisible = 0;
			defaultConfigurationName = Release;
		};
/* End XCConfigurationList section */
	};
	rootObject = B09C4F961BA3B7530036F227 /* Project object */;
}
