// !$*UTF8*$!
{
	archiveVersion = 1;
	classes = {
	};
	objectVersion = 46;
	objects = {

/* Begin PBXBuildFile section */
		B09C4F861BA093C60036F227 /* main.m in Sources */ = {isa = PBXBuildFile; fileRef = B09C4F851BA093C60036F227 /* main.m */; };
		B09C4F8E1BA094270036F227 /* Salary.m in Sources */ = {isa = PBXBuildFile; fileRef = B09C4F8D1BA094270036F227 /* Salary.m */; };
		B09C4F911BA094920036F227 /* EngineerSalary.m in Sources */ = {isa = PBXBuildFile; fileRef = B09C4F901BA094920036F227 /* EngineerSalary.m */; };
		B09C4F941BA094CE0036F227 /* ManagerSalary.m in Sources */ = {isa = PBXBuildFile; fileRef = B09C4F931BA094CE0036F227 /* ManagerSalary.m */; };
/* End PBXBuildFile section */

/* Begin PBXCopyFilesBuildPhase section */
		B09C4F801BA093C60036F227 /* CopyFiles */ = {
			isa = PBXCopyFilesBuildPhase;
			buildActionMask = 2147483647;
			dstPath = /usr/share/man/man1/;
			dstSubfolderSpec = 0;
			files = (
			);
			runOnlyForDeploymentPostprocessing = 1;
		};
/* End PBXCopyFilesBuildPhase section */

/* Begin PBXFileReference section */
		B09C4F821BA093C60036F227 /* TemplateMethod */ = {isa = PBXFileReference; explicitFileType = "compiled.mach-o.executable"; includeInIndex = 0; path = TemplateMethod; sourceTree = BUILT_PRODUCTS_DIR; };
		B09C4F851BA093C60036F227 /* main.m */ = {isa = PBXFileReference; lastKnownFileType = sourcecode.c.objc; path = main.m; sourceTree = "<group>"; };
		B09C4F8C1BA094270036F227 /* Salary.h */ = {isa = PBXFileReference; fileEncoding = 4; lastKnownFileType = sourcecode.c.h; path = Salary.h; sourceTree = "<group>"; };
		B09C4F8D1BA094270036F227 /* Salary.m */ = {isa = PBXFileReference; fileEncoding = 4; lastKnownFileType = sourcecode.c.objc; path = Salary.m; sourceTree = "<group>"; };
		B09C4F8F1BA094920036F227 /* EngineerSalary.h */ = {isa = PBXFileReference; fileEncoding = 4; lastKnownFileType = sourcecode.c.h; path = EngineerSalary.h; sourceTree = "<group>"; };
		B09C4F901BA094920036F227 /* EngineerSalary.m */ = {isa = PBXFileReference; fileEncoding = 4; lastKnownFileType = sourcecode.c.objc; path = EngineerSalary.m; sourceTree = "<group>"; };
		B09C4F921BA094CE0036F227 /* ManagerSalary.h */ = {isa = PBXFileReference; fileEncoding = 4; lastKnownFileType = sourcecode.c.h; path = ManagerSalary.h; sourceTree = "<group>"; };
		B09C4F931BA094CE0036F227 /* ManagerSalary.m */ = {isa = PBXFileReference; fileEncoding = 4; lastKnownFileType = sourcecode.c.objc; path = ManagerSalary.m; sourceTree = "<group>"; };
/* End PBXFileReference section */

/* Begin PBXFrameworksBuildPhase section */
		B09C4F7F1BA093C60036F227 /* Frameworks */ = {
			isa = PBXFrameworksBuildPhase;
			buildActionMask = 2147483647;
			files = (
			);
			runOnlyForDeploymentPostprocessing = 0;
		};
/* End PBXFrameworksBuildPhase section */

/* Begin PBXGroup section */
		B09C4F791BA093C60036F227 = {
			isa = PBXGroup;
			children = (
				B09C4F841BA093C60036F227 /* TemplateMethod */,
				B09C4F831BA093C60036F227 /* Products */,
			);
			sourceTree = "<group>";
		};
		B09C4F831BA093C60036F227 /* Products */ = {
			isa = PBXGroup;
			children = (
				B09C4F821BA093C60036F227 /* TemplateMethod */,
			);
			name = Products;
			sourceTree = "<group>";
		};
		B09C4F841BA093C60036F227 /* TemplateMethod */ = {
			isa = PBXGroup;
			children = (
				B09C4F851BA093C60036F227 /* main.m */,
				B09C4F8C1BA094270036F227 /* Salary.h */,
				B09C4F8D1BA094270036F227 /* Salary.m */,
				B09C4F8F1BA094920036F227 /* EngineerSalary.h */,
				B09C4F901BA094920036F227 /* EngineerSalary.m */,
				B09C4F921BA094CE0036F227 /* ManagerSalary.h */,
				B09C4F931BA094CE0036F227 /* ManagerSalary.m */,
			);
			path = TemplateMethod;
			sourceTree = "<group>";
		};
/* End PBXGroup section */

/* Begin PBXNativeTarget section */
		B09C4F811BA093C60036F227 /* TemplateMethod */ = {
			isa = PBXNativeTarget;
			buildConfigurationList = B09C4F891BA093C60036F227 /* Build configuration list for PBXNativeTarget "TemplateMethod" */;
			buildPhases = (
				B09C4F7E1BA093C60036F227 /* Sources */,
				B09C4F7F1BA093C60036F227 /* Frameworks */,
				B09C4F801BA093C60036F227 /* CopyFiles */,
			);
			buildRules = (
			);
			dependencies = (
			);
			name = TemplateMethod;
			productName = TemplateMethod;
			productReference = B09C4F821BA093C60036F227 /* TemplateMethod */;
			productType = "com.apple.product-type.tool";
		};
/* End PBXNativeTarget section */

/* Begin PBXProject section */
		B09C4F7A1BA093C60036F227 /* Project object */ = {
			isa = PBXProject;
			attributes = {
				LastUpgradeCheck = 0640;
				ORGANIZATIONNAME = "Wayne Hsiao";
				TargetAttributes = {
					B09C4F811BA093C60036F227 = {
						CreatedOnToolsVersion = 6.4;
					};
				};
			};
			buildConfigurationList = B09C4F7D1BA093C60036F227 /* Build configuration list for PBXProject "TemplateMethod" */;
			compatibilityVersion = "Xcode 3.2";
			developmentRegion = English;
			hasScannedForEncodings = 0;
			knownRegions = (
				en,
			);
			mainGroup = B09C4F791BA093C60036F227;
			productRefGroup = B09C4F831BA093C60036F227 /* Products */;
			projectDirPath = "";
			projectRoot = "";
			targets = (
				B09C4F811BA093C60036F227 /* TemplateMethod */,
			);
		};
/* End PBXProject section */

/* Begin PBXSourcesBuildPhase section */
		B09C4F7E1BA093C60036F227 /* Sources */ = {
			isa = PBXSourcesBuildPhase;
			buildActionMask = 2147483647;
			files = (
				B09C4F861BA093C60036F227 /* main.m in Sources */,
				B09C4F941BA094CE0036F227 /* ManagerSalary.m in Sources */,
				B09C4F8E1BA094270036F227 /* Salary.m in Sources */,
				B09C4F911BA094920036F227 /* EngineerSalary.m in Sources */,
			);
			runOnlyForDeploymentPostprocessing = 0;
		};
/* End PBXSourcesBuildPhase section */

/* Begin XCBuildConfiguration section */
		B09C4F871BA093C60036F227 /* Debug */ = {
			isa = XCBuildConfiguration;
			buildSettings = {
				ALWAYS_SEARCH_USER_PATHS = NO;
				CLANG_CXX_LANGUAGE_STANDARD = "gnu++0x";
				CLANG_CXX_LIBRARY = "libc++";
				CLANG_ENABLE_MODULES = YES;
				CLANG_ENABLE_OBJC_ARC = YES;
				CLANG_WARN_BOOL_CONVERSION = YES;
				CLANG_WARN_CONSTANT_CONVERSION = YES;
				CLANG_WARN_DIRECT_OBJC_ISA_USAGE = YES_ERROR;
				CLANG_WARN_EMPTY_BODY = YES;
				CLANG_WARN_ENUM_CONVERSION = YES;
				CLANG_WARN_INT_CONVERSION = YES;
				CLANG_WARN_OBJC_ROOT_CLASS = YES_ERROR;
				CLANG_WARN_UNREACHABLE_CODE = YES;
				CLANG_WARN__DUPLICATE_METHOD_MATCH = YES;
				COPY_PHASE_STRIP = NO;
				DEBUG_INFORMATION_FORMAT = dwarf;
				ENABLE_STRICT_OBJC_MSGSEND = YES;
				GCC_C_LANGUAGE_STANDARD = gnu99;
				GCC_DYNAMIC_NO_PIC = NO;
				GCC_NO_COMMON_BLOCKS = YES;
				GCC_OPTIMIZATION_LEVEL = 0;
				GCC_PREPROCESSOR_DEFINITIONS = (
					"DEBUG=1",
					"$(inherited)",
				);
				GCC_SYMBOLS_PRIVATE_EXTERN = NO;
				GCC_WARN_64_TO_32_BIT_CONVERSION = YES;
				GCC_WARN_ABOUT_RETURN_TYPE = YES_ERROR;
				GCC_WARN_UNDECLARED_SELECTOR = YES;
				GCC_WARN_UNINITIALIZED_AUTOS = YES_AGGRESSIVE;
				GCC_WARN_UNUSED_FUNCTION = YES;
				GCC_WARN_UNUSED_VARIABLE = YES;
				MACOSX_DEPLOYMENT_TARGET = 10.10;
				MTL_ENABLE_DEBUG_INFO = YES;
				ONLY_ACTIVE_ARCH = YES;
				SDKROOT = macosx;
			};
			name = Debug;
		};
		B09C4F881BA093C60036F227 /* Release */ = {
			isa = XCBuildConfiguration;
			buildSettings = {
				ALWAYS_SEARCH_USER_PATHS = NO;
				CLANG_CXX_LANGUAGE_STANDARD = "gnu++0x";
				CLANG_CXX_LIBRARY = "libc++";
				CLANG_ENABLE_MODULES = YES;
				CLANG_ENABLE_OBJC_ARC = YES;
				CLANG_WARN_BOOL_CONVERSION = YES;
				CLANG_WARN_CONSTANT_CONVERSION = YES;
				CLANG_WARN_DIRECT_OBJC_ISA_USAGE = YES_ERROR;
				CLANG_WARN_EMPTY_BODY = YES;
				CLANG_WARN_ENUM_CONVERSION = YES;
				CLANG_WARN_INT_CONVERSION = YES;
				CLANG_WARN_OBJC_ROOT_CLASS = YES_ERROR;
				CLANG_WARN_UNREACHABLE_CODE = YES;
				CLANG_WARN__DUPLICATE_METHOD_MATCH = YES;
				COPY_PHASE_STRIP = NO;
				DEBUG_INFORMATION_FORMAT = "dwarf-with-dsym";
				ENABLE_NS_ASSERTIONS = NO;
				ENABLE_STRICT_OBJC_MSGSEND = YES;
				GCC_C_LANGUAGE_STANDARD = gnu99;
				GCC_NO_COMMON_BLOCKS = YES;
				GCC_WARN_64_TO_32_BIT_CONVERSION = YES;
				GCC_WARN_ABOUT_RETURN_TYPE = YES_ERROR;
				GCC_WARN_UNDECLARED_SELECTOR = YES;
				GCC_WARN_UNINITIALIZED_AUTOS = YES_AGGRESSIVE;
				GCC_WARN_UNUSED_FUNCTION = YES;
				GCC_WARN_UNUSED_VARIABLE = YES;
				MACOSX_DEPLOYMENT_TARGET = 10.10;
				MTL_ENABLE_DEBUG_INFO = NO;
				SDKROOT = macosx;
			};
			name = Release;
		};
		B09C4F8A1BA093C60036F227 /* Debug */ = {
			isa = XCBuildConfiguration;
			buildSettings = {
				PRODUCT_NAME = "$(TARGET_NAME)";
			};
			name = Debug;
		};
		B09C4F8B1BA093C60036F227 /* Release */ = {
			isa = XCBuildConfiguration;
			buildSettings = {
				PRODUCT_NAME = "$(TARGET_NAME)";
			};
			name = Release;
		};
/* End XCBuildConfiguration section */

/* Begin XCConfigurationList section */
		B09C4F7D1BA093C60036F227 /* Build configuration list for PBXProject "TemplateMethod" */ = {
			isa = XCConfigurationList;
			buildConfigurations = (
				B09C4F871BA093C60036F227 /* Debug */,
				B09C4F881BA093C60036F227 /* Release */,
			);
			defaultConfigurationIsVisible = 0;
			defaultConfigurationName = Release;
		};
		B09C4F891BA093C60036F227 /* Build configuration list for PBXNativeTarget "TemplateMethod" */ = {
			isa = XCConfigurationList;
			buildConfigurations = (
				B09C4F8A1BA093C60036F227 /* Debug */,
				B09C4F8B1BA093C60036F227 /* Release */,
			);
			defaultConfigurationIsVisible = 0;
		};
/* End XCConfigurationList section */
	};
	rootObject = B09C4F7A1BA093C60036F227 /* Project object */;
}
